// !$*UTF8*$!
{
	archiveVersion = 1;
	classes = {
	};
	objectVersion = 50;
	objects = {

/* Begin PBXBuildFile section */
		25F25E5C21F20ED0003206EF /* BackgraoundColorProvider.swift in Sources */ = {isa = PBXBuildFile; fileRef = 25F25E5B21F20ED0003206EF /* BackgraoundColorProvider.swift */; };
		25F70A9521F0D42200256DBC /* AppDelegate.swift in Sources */ = {isa = PBXBuildFile; fileRef = 25F70A9421F0D42200256DBC /* AppDelegate.swift */; };
		25F70A9721F0D42200256DBC /* ViewController.swift in Sources */ = {isa = PBXBuildFile; fileRef = 25F70A9621F0D42200256DBC /* ViewController.swift */; };
		25F70A9A21F0D42200256DBC /* Main.storyboard in Resources */ = {isa = PBXBuildFile; fileRef = 25F70A9821F0D42200256DBC /* Main.storyboard */; };
		25F70A9C21F0D42400256DBC /* Assets.xcassets in Resources */ = {isa = PBXBuildFile; fileRef = 25F70A9B21F0D42400256DBC /* Assets.xcassets */; };
		25F70A9F21F0D42400256DBC /* LaunchScreen.storyboard in Resources */ = {isa = PBXBuildFile; fileRef = 25F70A9D21F0D42400256DBC /* LaunchScreen.storyboard */; };
		25F70AA721F1315500256DBC /* FactProvider.swift in Sources */ = {isa = PBXBuildFile; fileRef = 25F70AA621F1315500256DBC /* FactProvider.swift */; };
/* End PBXBuildFile section */

/* Begin PBXFileReference section */
		25F25E5B21F20ED0003206EF /* BackgraoundColorProvider.swift */ = {isa = PBXFileReference; lastKnownFileType = sourcecode.swift; path = BackgraoundColorProvider.swift; sourceTree = "<group>"; };
		25F70A9121F0D42200256DBC /* TreeHouseProject.app */ = {isa = PBXFileReference; explicitFileType = wrapper.application; includeInIndex = 0; path = TreeHouseProject.app; sourceTree = BUILT_PRODUCTS_DIR; };
		25F70A9421F0D42200256DBC /* AppDelegate.swift */ = {isa = PBXFileReference; lastKnownFileType = sourcecode.swift; path = AppDelegate.swift; sourceTree = "<group>"; };
		25F70A9621F0D42200256DBC /* ViewController.swift */ = {isa = PBXFileReference; lastKnownFileType = sourcecode.swift; path = ViewController.swift; sourceTree = "<group>"; };
		25F70A9921F0D42200256DBC /* Base */ = {isa = PBXFileReference; lastKnownFileType = file.storyboard; name = Base; path = Base.lproj/Main.storyboard; sourceTree = "<group>"; };
		25F70A9B21F0D42400256DBC /* Assets.xcassets */ = {isa = PBXFileReference; lastKnownFileType = folder.assetcatalog; path = Assets.xcassets; sourceTree = "<group>"; };
		25F70A9E21F0D42400256DBC /* Base */ = {isa = PBXFileReference; lastKnownFileType = file.storyboard; name = Base; path = Base.lproj/LaunchScreen.storyboard; sourceTree = "<group>"; };
		25F70AA021F0D42400256DBC /* Info.plist */ = {isa = PBXFileReference; lastKnownFileType = text.plist.xml; path = Info.plist; sourceTree = "<group>"; };
		25F70AA621F1315500256DBC /* FactProvider.swift */ = {isa = PBXFileReference; lastKnownFileType = sourcecode.swift; path = FactProvider.swift; sourceTree = "<group>"; };
/* End PBXFileReference section */

/* Begin PBXFrameworksBuildPhase section */
		25F70A8E21F0D42200256DBC /* Frameworks */ = {
			isa = PBXFrameworksBuildPhase;
			buildActionMask = 2147483647;
			files = (
			);
			runOnlyForDeploymentPostprocessing = 0;
		};
/* End PBXFrameworksBuildPhase section */

/* Begin PBXGroup section */
		25F70A8821F0D42200256DBC = {
			isa = PBXGroup;
			children = (
				25F70A9321F0D42200256DBC /* TreeHouseProject */,
				25F70A9221F0D42200256DBC /* Products */,
			);
			sourceTree = "<group>";
		};
		25F70A9221F0D42200256DBC /* Products */ = {
			isa = PBXGroup;
			children = (
				25F70A9121F0D42200256DBC /* TreeHouseProject.app */,
			);
			name = Products;
			sourceTree = "<group>";
		};
		25F70A9321F0D42200256DBC /* TreeHouseProject */ = {
			isa = PBXGroup;
			children = (
				25F70A9621F0D42200256DBC /* ViewController.swift */,
				25F70AA621F1315500256DBC /* FactProvider.swift */,
				25F25E5B21F20ED0003206EF /* BackgraoundColorProvider.swift */,
				25F70A9821F0D42200256DBC /* Main.storyboard */,
				25F70A9B21F0D42400256DBC /* Assets.xcassets */,
				25F70A9D21F0D42400256DBC /* LaunchScreen.storyboard */,
				25F70A9421F0D42200256DBC /* AppDelegate.swift */,
				25F70AA021F0D42400256DBC /* Info.plist */,
			);
			path = TreeHouseProject;
			sourceTree = "<group>";
		};
/* End PBXGroup section */

/* Begin PBXNativeTarget section */
		25F70A9021F0D42200256DBC /* TreeHouseProject */ = {
			isa = PBXNativeTarget;
			buildConfigurationList = 25F70AA321F0D42400256DBC /* Build configuration list for PBXNativeTarget "TreeHouseProject" */;
			buildPhases = (
				25F70A8D21F0D42200256DBC /* Sources */,
				25F70A8E21F0D42200256DBC /* Frameworks */,
				25F70A8F21F0D42200256DBC /* Resources */,
			);
			buildRules = (
			);
			dependencies = (
			);
			name = TreeHouseProject;
			productName = TreeHouseProject;
			productReference = 25F70A9121F0D42200256DBC /* TreeHouseProject.app */;
			productType = "com.apple.product-type.application";
		};
/* End PBXNativeTarget section */

/* Begin PBXProject section */
		25F70A8921F0D42200256DBC /* Project object */ = {
			isa = PBXProject;
			attributes = {
				LastSwiftUpdateCheck = 1010;
				LastUpgradeCheck = 1010;
				ORGANIZATIONNAME = Harut;
				TargetAttributes = {
					25F70A9021F0D42200256DBC = {
						CreatedOnToolsVersion = 10.1;
					};
				};
			};
			buildConfigurationList = 25F70A8C21F0D42200256DBC /* Build configuration list for PBXProject "TreeHouseProject" */;
			compatibilityVersion = "Xcode 9.3";
			developmentRegion = en;
			hasScannedForEncodings = 0;
			knownRegions = (
				en,
				Base,
			);
			mainGroup = 25F70A8821F0D42200256DBC;
			productRefGroup = 25F70A9221F0D42200256DBC /* Products */;
			projectDirPath = "";
			projectRoot = "";
			targets = (
				25F70A9021F0D42200256DBC /* TreeHouseProject */,
			);
		};
/* End PBXProject section */

/* Begin PBXResourcesBuildPhase section */
		25F70A8F21F0D42200256DBC /* Resources */ = {
			isa = PBXResourcesBuildPhase;
			buildActionMask = 2147483647;
			files = (
				25F70A9F21F0D42400256DBC /* LaunchScreen.storyboard in Resources */,
				25F70A9C21F0D42400256DBC /* Assets.xcassets in Resources */,
				25F70A9A21F0D42200256DBC /* Main.storyboard in Resources */,
			);
			runOnlyForDeploymentPostprocessing = 0;
		};
/* End PBXResourcesBuildPhase section */

/* Begin PBXSourcesBuildPhase section */
		25F70A8D21F0D42200256DBC /* Sources */ = {
			isa = PBXSourcesBuildPhase;
			buildActionMask = 2147483647;
			files = (
				25F25E5C21F20ED0003206EF /* BackgraoundColorProvider.swift in Sources */,
				25F70A9721F0D42200256DBC /* ViewController.swift in Sources */,
				25F70A9521F0D42200256DBC /* AppDelegate.swift in Sources */,
				25F70AA721F1315500256DBC /* FactProvider.swift in Sources */,
			);
			runOnlyForDeploymentPostprocessing = 0;
		};
/* End PBXSourcesBuildPhase section */

/* Begin PBXVariantGroup section */
		25F70A9821F0D42200256DBC /* Main.storyboard */ = {
			isa = PBXVariantGroup;
			children = (
				25F70A9921F0D42200256DBC /* Base */,
			);
			name = Main.storyboard;
			sourceTree = "<group>";
		};
		25F70A9D21F0D42400256DBC /* LaunchScreen.storyboard */ = {
			isa = PBXVariantGroup;
			children = (
				25F70A9E21F0D42400256DBC /* Base */,
			);
			name = LaunchScreen.storyboard;
			sourceTree = "<group>";
		};
/* End PBXVariantGroup section */

/* Begin XCBuildConfiguration section */
		25F70AA121F0D42400256DBC /* Debug */ = {
			isa = XCBuildConfiguration;
			buildSettings = {
				ALWAYS_SEARCH_USER_PATHS = NO;
				CLANG_ANALYZER_NONNULL = YES;
				CLANG_ANALYZER_NUMBER_OBJECT_CONVERSION = YES_AGGRESSIVE;
				CLANG_CXX_LANGUAGE_STANDARD = "gnu++14";
				CLANG_CXX_LIBRARY = "libc++";
				CLANG_ENABLE_MODULES = YES;
				CLANG_ENABLE_OBJC_ARC = YES;
				CLANG_ENABLE_OBJC_WEAK = YES;
				CLANG_WARN_BLOCK_CAPTURE_AUTORELEASING = YES;
				CLANG_WARN_BOOL_CONVERSION = YES;
				CLANG_WARN_COMMA = YES;
				CLANG_WARN_CONSTANT_CONVERSION = YES;
				CLANG_WARN_DEPRECATED_OBJC_IMPLEMENTATIONS = YES;
				CLANG_WARN_DIRECT_OBJC_ISA_USAGE = YES_ERROR;
				CLANG_WARN_DOCUMENTATION_COMMENTS = YES;
				CLANG_WARN_EMPTY_BODY = YES;
				CLANG_WARN_ENUM_CONVERSION = YES;
				CLANG_WARN_INFINITE_RECURSION = YES;
				CLANG_WARN_INT_CONVERSION = YES;
				CLANG_WARN_NON_LITERAL_NULL_CONVERSION = YES;
				CLANG_WARN_OBJC_IMPLICIT_RETAIN_SELF = YES;
				CLANG_WARN_OBJC_LITERAL_CONVERSION = YES;
				CLANG_WARN_OBJC_ROOT_CLASS = YES_ERROR;
				CLANG_WARN_RANGE_LOOP_ANALYSIS = YES;
				CLANG_WARN_STRICT_PROTOTYPES = YES;
				CLANG_WARN_SUSPICIOUS_MOVE = YES;
				CLANG_WARN_UNGUARDED_AVAILABILITY = YES_AGGRESSIVE;
				CLANG_WARN_UNREACHABLE_CODE = YES;
				CLANG_WARN__DUPLICATE_METHOD_MATCH = YES;
				CODE_SIGN_IDENTITY = "iPhone Developer";
				COPY_PHASE_STRIP = NO;
				DEBUG_INFORMATION_FORMAT = dwarf;
				ENABLE_STRICT_OBJC_MSGSEND = YES;
				ENABLE_TESTABILITY = YES;
				GCC_C_LANGUAGE_STANDARD = gnu11;
				GCC_DYNAMIC_NO_PIC = NO;
				GCC_NO_COMMON_BLOCKS = YES;
				GCC_OPTIMIZATION_LEVEL = 0;
				GCC_PREPROCESSOR_DEFINITIONS = (
					"DEBUG=1",
					"$(inherited)",
				);
				GCC_WARN_64_TO_32_BIT_CONVERSION = YES;
				GCC_WARN_ABOUT_RETURN_TYPE = YES_ERROR;
				GCC_WARN_UNDECLARED_SELECTOR = YES;
				GCC_WARN_UNINITIALIZED_AUTOS = YES_AGGRESSIVE;
				GCC_WARN_UNUSED_FUNCTION = YES;
				GCC_WARN_UNUSED_VARIABLE = YES;
				IPHONEOS_DEPLOYMENT_TARGET = 12.1;
				MTL_ENABLE_DEBUG_INFO = INCLUDE_SOURCE;
				MTL_FAST_MATH = YES;
				ONLY_ACTIVE_ARCH = YES;
				SDKROOT = iphoneos;
				SWIFT_ACTIVE_COMPILATION_CONDITIONS = DEBUG;
				SWIFT_OPTIMIZATION_LEVEL = "-Onone";
			};
			name = Debug;
		};
		25F70AA221F0D42400256DBC /* Release */ = {
			isa = XCBuildConfiguration;
			buildSettings = {
				ALWAYS_SEARCH_USER_PATHS = NO;
				CLANG_ANALYZER_NONNULL = YES;
				CLANG_ANALYZER_NUMBER_OBJECT_CONVERSION = YES_AGGRESSIVE;
				CLANG_CXX_LANGUAGE_STANDARD = "gnu++14";
				CLANG_CXX_LIBRARY = "libc++";
				CLANG_ENABLE_MODULES = YES;
				CLANG_ENABLE_OBJC_ARC = YES;
				CLANG_ENABLE_OBJC_WEAK = YES;
				CLANG_WARN_BLOCK_CAPTURE_AUTORELEASING = YES;
				CLANG_WARN_BOOL_CONVERSION = YES;
				CLANG_WARN_COMMA = YES;
				CLANG_WARN_CONSTANT_CONVERSION = YES;
				CLANG_WARN_DEPRECATED_OBJC_IMPLEMENTATIONS = YES;
				CLANG_WARN_DIRECT_OBJC_ISA_USAGE = YES_ERROR;
				CLANG_WARN_DOCUMENTATION_COMMENTS = YES;
				CLANG_WARN_EMPTY_BODY = YES;
				CLANG_WARN_ENUM_CONVERSION = YES;
				CLANG_WARN_INFINITE_RECURSION = YES;
				CLANG_WARN_INT_CONVERSION = YES;
				CLANG_WARN_NON_LITERAL_NULL_CONVERSION = YES;
				CLANG_WARN_OBJC_IMPLICIT_RETAIN_SELF = YES;
				CLANG_WARN_OBJC_LITERAL_CONVERSION = YES;
				CLANG_WARN_OBJC_ROOT_CLASS = YES_ERROR;
				CLANG_WARN_RANGE_LOOP_ANALYSIS = YES;
				CLANG_WARN_STRICT_PROTOTYPES = YES;
				CLANG_WARN_SUSPICIOUS_MOVE = YES;
				CLANG_WARN_UNGUARDED_AVAILABILITY = YES_AGGRESSIVE;
				CLANG_WARN_UNREACHABLE_CODE = YES;
				CLANG_WARN__DUPLICATE_METHOD_MATCH = YES;
				CODE_SIGN_IDENTITY = "iPhone Developer";
				COPY_PHASE_STRIP = NO;
				DEBUG_INFORMATION_FORMAT = "dwarf-with-dsym";
				ENABLE_NS_ASSERTIONS = NO;
				ENABLE_STRICT_OBJC_MSGSEND = YES;
				GCC_C_LANGUAGE_STANDARD = gnu11;
				GCC_NO_COMMON_BLOCKS = YES;
				GCC_WARN_64_TO_32_BIT_CONVERSION = YES;
				GCC_WARN_ABOUT_RETURN_TYPE = YES_ERROR;
				GCC_WARN_UNDECLARED_SELECTOR = YES;
				GCC_WARN_UNINITIALIZED_AUTOS = YES_AGGRESSIVE;
				GCC_WARN_UNUSED_FUNCTION = YES;
				GCC_WARN_UNUSED_VARIABLE = YES;
				IPHONEOS_DEPLOYMENT_TARGET = 12.1;
				MTL_ENABLE_DEBUG_INFO = NO;
				MTL_FAST_MATH = YES;
				SDKROOT = iphoneos;
				SWIFT_COMPILATION_MODE = wholemodule;
				SWIFT_OPTIMIZATION_LEVEL = "-O";
				VALIDATE_PRODUCT = YES;
			};
			name = Release;
		};
		25F70AA421F0D42400256DBC /* Debug */ = {
			isa = XCBuildConfiguration;
			buildSettings = {
				ASSETCATALOG_COMPILER_APPICON_NAME = AppIcon;
				CODE_SIGN_STYLE = Automatic;
				DEVELOPMENT_TEAM = 7C4VH89VKJ;
				INFOPLIST_FILE = TreeHouseProject/Info.plist;
				LD_RUNPATH_SEARCH_PATHS = (
					"$(inherited)",
					"@executable_path/Frameworks",
				);
				PRODUCT_BUNDLE_IDENTIFIER = Harut.TreeHouseProject;
				PRODUCT_NAME = "$(TARGET_NAME)";
				SWIFT_VERSION = 4.2;
				TARGETED_DEVICE_FAMILY = 1;
			};
			name = Debug;
		};
		25F70AA521F0D42400256DBC /* Release */ = {
			isa = XCBuildConfiguration;
			buildSettings = {
				ASSETCATALOG_COMPILER_APPICON_NAME = AppIcon;
				CODE_SIGN_STYLE = Automatic;
				DEVELOPMENT_TEAM = 7C4VH89VKJ;
				INFOPLIST_FILE = TreeHouseProject/Info.plist;
				LD_RUNPATH_SEARCH_PATHS = (
					"$(inherited)",
					"@executable_path/Frameworks",
				);
				PRODUCT_BUNDLE_IDENTIFIER = Harut.TreeHouseProject;
				PRODUCT_NAME = "$(TARGET_NAME)";
				SWIFT_VERSION = 4.2;
				TARGETED_DEVICE_FAMILY = 1;
			};
			name = Release;
		};
/* End XCBuildConfiguration section */

/* Begin XCConfigurationList section */
		25F70A8C21F0D42200256DBC /* Build configuration list for PBXProject "TreeHouseProject" */ = {
			isa = XCConfigurationList;
			buildConfigurations = (
				25F70AA121F0D42400256DBC /* Debug */,
				25F70AA221F0D42400256DBC /* Release */,
			);
			defaultConfigurationIsVisible = 0;
			defaultConfigurationName = Release;
		};
		25F70AA321F0D42400256DBC /* Build configuration list for PBXNativeTarget "TreeHouseProject" */ = {
			isa = XCConfigurationList;
			buildConfigurations = (
				25F70AA421F0D42400256DBC /* Debug */,
				25F70AA521F0D42400256DBC /* Release */,
			);
			defaultConfigurationIsVisible = 0;
			defaultConfigurationName = Release;
		};
/* End XCConfigurationList section */
	};
	rootObject = 25F70A8921F0D42200256DBC /* Project object */;
}
